// !$*UTF8*$!
{
	archiveVersion = 1;
	classes = {
	};
	objectVersion = 46;
	objects = {

/* Begin PBXBuildFile section */
		27E899CC1CB3E89800243B36 /* AppDelegate.swift in Sources */ = {isa = PBXBuildFile; fileRef = 27E899CB1CB3E89800243B36 /* AppDelegate.swift */; };
		27E899CE1CB3E89800243B36 /* ViewController.swift in Sources */ = {isa = PBXBuildFile; fileRef = 27E899CD1CB3E89800243B36 /* ViewController.swift */; };
		27E899D11CB3E89900243B36 /* Main.storyboard in Resources */ = {isa = PBXBuildFile; fileRef = 27E899CF1CB3E89900243B36 /* Main.storyboard */; };
		27E899D31CB3E89900243B36 /* Assets.xcassets in Resources */ = {isa = PBXBuildFile; fileRef = 27E899D21CB3E89900243B36 /* Assets.xcassets */; };
		27E899D61CB3E89900243B36 /* LaunchScreen.storyboard in Resources */ = {isa = PBXBuildFile; fileRef = 27E899D41CB3E89900243B36 /* LaunchScreen.storyboard */; };
		27E899E11CB3E89900243B36 /* TestingFireBaseTests.swift in Sources */ = {isa = PBXBuildFile; fileRef = 27E899E01CB3E89900243B36 /* TestingFireBaseTests.swift */; };
		27E899EC1CB3E89900243B36 /* TestingFireBaseUITests.swift in Sources */ = {isa = PBXBuildFile; fileRef = 27E899EB1CB3E89900243B36 /* TestingFireBaseUITests.swift */; };
/* End PBXBuildFile section */

/* Begin PBXContainerItemProxy section */
		27E899DD1CB3E89900243B36 /* PBXContainerItemProxy */ = {
			isa = PBXContainerItemProxy;
			containerPortal = 27E899C01CB3E89800243B36 /* Project object */;
			proxyType = 1;
			remoteGlobalIDString = 27E899C71CB3E89800243B36;
			remoteInfo = TestingFireBase;
		};
		27E899E81CB3E89900243B36 /* PBXContainerItemProxy */ = {
			isa = PBXContainerItemProxy;
			containerPortal = 27E899C01CB3E89800243B36 /* Project object */;
			proxyType = 1;
			remoteGlobalIDString = 27E899C71CB3E89800243B36;
			remoteInfo = TestingFireBase;
		};
/* End PBXContainerItemProxy section */

/* Begin PBXFileReference section */
		27E899C81CB3E89800243B36 /* TestingFireBase.app */ = {isa = PBXFileReference; explicitFileType = wrapper.application; includeInIndex = 0; path = TestingFireBase.app; sourceTree = BUILT_PRODUCTS_DIR; };
		27E899CB1CB3E89800243B36 /* AppDelegate.swift */ = {isa = PBXFileReference; lastKnownFileType = sourcecode.swift; path = AppDelegate.swift; sourceTree = "<group>"; };
		27E899CD1CB3E89800243B36 /* ViewController.swift */ = {isa = PBXFileReference; lastKnownFileType = sourcecode.swift; path = ViewController.swift; sourceTree = "<group>"; };
		27E899D01CB3E89900243B36 /* Base */ = {isa = PBXFileReference; lastKnownFileType = file.storyboard; name = Base; path = Base.lproj/Main.storyboard; sourceTree = "<group>"; };
		27E899D21CB3E89900243B36 /* Assets.xcassets */ = {isa = PBXFileReference; lastKnownFileType = folder.assetcatalog; path = Assets.xcassets; sourceTree = "<group>"; };
		27E899D51CB3E89900243B36 /* Base */ = {isa = PBXFileReference; lastKnownFileType = file.storyboard; name = Base; path = Base.lproj/LaunchScreen.storyboard; sourceTree = "<group>"; };
		27E899D71CB3E89900243B36 /* Info.plist */ = {isa = PBXFileReference; lastKnownFileType = text.plist.xml; path = Info.plist; sourceTree = "<group>"; };
		27E899DC1CB3E89900243B36 /* TestingFireBaseTests.xctest */ = {isa = PBXFileReference; explicitFileType = wrapper.cfbundle; includeInIndex = 0; path = TestingFireBaseTests.xctest; sourceTree = BUILT_PRODUCTS_DIR; };
		27E899E01CB3E89900243B36 /* TestingFireBaseTests.swift */ = {isa = PBXFileReference; lastKnownFileType = sourcecode.swift; path = TestingFireBaseTests.swift; sourceTree = "<group>"; };
		27E899E21CB3E89900243B36 /* Info.plist */ = {isa = PBXFileReference; lastKnownFileType = text.plist.xml; path = Info.plist; sourceTree = "<group>"; };
		27E899E71CB3E89900243B36 /* TestingFireBaseUITests.xctest */ = {isa = PBXFileReference; explicitFileType = wrapper.cfbundle; includeInIndex = 0; path = TestingFireBaseUITests.xctest; sourceTree = BUILT_PRODUCTS_DIR; };
		27E899EB1CB3E89900243B36 /* TestingFireBaseUITests.swift */ = {isa = PBXFileReference; lastKnownFileType = sourcecode.swift; path = TestingFireBaseUITests.swift; sourceTree = "<group>"; };
		27E899ED1CB3E89900243B36 /* Info.plist */ = {isa = PBXFileReference; lastKnownFileType = text.plist.xml; path = Info.plist; sourceTree = "<group>"; };
/* End PBXFileReference section */

/* Begin PBXFrameworksBuildPhase section */
		27E899C51CB3E89800243B36 /* Frameworks */ = {
			isa = PBXFrameworksBuildPhase;
			buildActionMask = 2147483647;
			files = (
			);
			runOnlyForDeploymentPostprocessing = 0;
		};
		27E899D91CB3E89900243B36 /* Frameworks */ = {
			isa = PBXFrameworksBuildPhase;
			buildActionMask = 2147483647;
			files = (
			);
			runOnlyForDeploymentPostprocessing = 0;
		};
		27E899E41CB3E89900243B36 /* Frameworks */ = {
			isa = PBXFrameworksBuildPhase;
			buildActionMask = 2147483647;
			files = (
			);
			runOnlyForDeploymentPostprocessing = 0;
		};
/* End PBXFrameworksBuildPhase section */

/* Begin PBXGroup section */
		27E899BF1CB3E89800243B36 = {
			isa = PBXGroup;
			children = (
				27E899CA1CB3E89800243B36 /* TestingFireBase */,
				27E899DF1CB3E89900243B36 /* TestingFireBaseTests */,
				27E899EA1CB3E89900243B36 /* TestingFireBaseUITests */,
				27E899C91CB3E89800243B36 /* Products */,
			);
			sourceTree = "<group>";
		};
		27E899C91CB3E89800243B36 /* Products */ = {
			isa = PBXGroup;
			children = (
				27E899C81CB3E89800243B36 /* TestingFireBase.app */,
				27E899DC1CB3E89900243B36 /* TestingFireBaseTests.xctest */,
				27E899E71CB3E89900243B36 /* TestingFireBaseUITests.xctest */,
			);
			name = Products;
			sourceTree = "<group>";
		};
		27E899CA1CB3E89800243B36 /* TestingFireBase */ = {
			isa = PBXGroup;
			children = (
				27E899CB1CB3E89800243B36 /* AppDelegate.swift */,
				27E899CD1CB3E89800243B36 /* ViewController.swift */,
				27E899CF1CB3E89900243B36 /* Main.storyboard */,
				27E899D21CB3E89900243B36 /* Assets.xcassets */,
				27E899D41CB3E89900243B36 /* LaunchScreen.storyboard */,
				27E899D71CB3E89900243B36 /* Info.plist */,
			);
			path = TestingFireBase;
			sourceTree = "<group>";
		};
		27E899DF1CB3E89900243B36 /* TestingFireBaseTests */ = {
			isa = PBXGroup;
			children = (
				27E899E01CB3E89900243B36 /* TestingFireBaseTests.swift */,
				27E899E21CB3E89900243B36 /* Info.plist */,
			);
			path = TestingFireBaseTests;
			sourceTree = "<group>";
		};
		27E899EA1CB3E89900243B36 /* TestingFireBaseUITests */ = {
			isa = PBXGroup;
			children = (
				27E899EB1CB3E89900243B36 /* TestingFireBaseUITests.swift */,
				27E899ED1CB3E89900243B36 /* Info.plist */,
			);
			path = TestingFireBaseUITests;
			sourceTree = "<group>";
		};
/* End PBXGroup section */

/* Begin PBXNativeTarget section */
		27E899C71CB3E89800243B36 /* TestingFireBase */ = {
			isa = PBXNativeTarget;
			buildConfigurationList = 27E899F01CB3E89900243B36 /* Build configuration list for PBXNativeTarget "TestingFireBase" */;
			buildPhases = (
				27E899C41CB3E89800243B36 /* Sources */,
				27E899C51CB3E89800243B36 /* Frameworks */,
				27E899C61CB3E89800243B36 /* Resources */,
			);
			buildRules = (
			);
			dependencies = (
			);
			name = TestingFireBase;
			productName = TestingFireBase;
			productReference = 27E899C81CB3E89800243B36 /* TestingFireBase.app */;
			productType = "com.apple.product-type.application";
		};
		27E899DB1CB3E89900243B36 /* TestingFireBaseTests */ = {
			isa = PBXNativeTarget;
			buildConfigurationList = 27E899F31CB3E89900243B36 /* Build configuration list for PBXNativeTarget "TestingFireBaseTests" */;
			buildPhases = (
				27E899D81CB3E89900243B36 /* Sources */,
				27E899D91CB3E89900243B36 /* Frameworks */,
				27E899DA1CB3E89900243B36 /* Resources */,
			);
			buildRules = (
			);
			dependencies = (
				27E899DE1CB3E89900243B36 /* PBXTargetDependency */,
			);
			name = TestingFireBaseTests;
			productName = TestingFireBaseTests;
			productReference = 27E899DC1CB3E89900243B36 /* TestingFireBaseTests.xctest */;
			productType = "com.apple.product-type.bundle.unit-test";
		};
		27E899E61CB3E89900243B36 /* TestingFireBaseUITests */ = {
			isa = PBXNativeTarget;
			buildConfigurationList = 27E899F61CB3E89900243B36 /* Build configuration list for PBXNativeTarget "TestingFireBaseUITests" */;
			buildPhases = (
				27E899E31CB3E89900243B36 /* Sources */,
				27E899E41CB3E89900243B36 /* Frameworks */,
				27E899E51CB3E89900243B36 /* Resources */,
			);
			buildRules = (
			);
			dependencies = (
				27E899E91CB3E89900243B36 /* PBXTargetDependency */,
			);
			name = TestingFireBaseUITests;
			productName = TestingFireBaseUITests;
			productReference = 27E899E71CB3E89900243B36 /* TestingFireBaseUITests.xctest */;
			productType = "com.apple.product-type.bundle.ui-testing";
		};
/* End PBXNativeTarget section */

/* Begin PBXProject section */
		27E899C01CB3E89800243B36 /* Project object */ = {
			isa = PBXProject;
			attributes = {
				LastSwiftUpdateCheck = 0730;
				LastUpgradeCheck = 0730;
				ORGANIZATIONNAME = "Kim Mithona";
				TargetAttributes = {
					27E899C71CB3E89800243B36 = {
						CreatedOnToolsVersion = 7.3;
					};
					27E899DB1CB3E89900243B36 = {
						CreatedOnToolsVersion = 7.3;
						TestTargetID = 27E899C71CB3E89800243B36;
					};
					27E899E61CB3E89900243B36 = {
						CreatedOnToolsVersion = 7.3;
						TestTargetID = 27E899C71CB3E89800243B36;
					};
				};
			};
			buildConfigurationList = 27E899C31CB3E89800243B36 /* Build configuration list for PBXProject "TestingFireBase" */;
			compatibilityVersion = "Xcode 3.2";
			developmentRegion = English;
			hasScannedForEncodings = 0;
			knownRegions = (
				en,
				Base,
			);
			mainGroup = 27E899BF1CB3E89800243B36;
			productRefGroup = 27E899C91CB3E89800243B36 /* Products */;
			projectDirPath = "";
			projectRoot = "";
			targets = (
				27E899C71CB3E89800243B36 /* TestingFireBase */,
				27E899DB1CB3E89900243B36 /* TestingFireBaseTests */,
				27E899E61CB3E89900243B36 /* TestingFireBaseUITests */,
			);
		};
/* End PBXProject section */

/* Begin PBXResourcesBuildPhase section */
		27E899C61CB3E89800243B36 /* Resources */ = {
			isa = PBXResourcesBuildPhase;
			buildActionMask = 2147483647;
			files = (
				27E899D61CB3E89900243B36 /* LaunchScreen.storyboard in Resources */,
				27E899D31CB3E89900243B36 /* Assets.xcassets in Resources */,
				27E899D11CB3E89900243B36 /* Main.storyboard in Resources */,
			);
			runOnlyForDeploymentPostprocessing = 0;
		};
		27E899DA1CB3E89900243B36 /* Resources */ = {
			isa = PBXResourcesBuildPhase;
			buildActionMask = 2147483647;
			files = (
			);
			runOnlyForDeploymentPostprocessing = 0;
		};
		27E899E51CB3E89900243B36 /* Resources */ = {
			isa = PBXResourcesBuildPhase;
			buildActionMask = 2147483647;
			files = (
			);
			runOnlyForDeploymentPostprocessing = 0;
		};
/* End PBXResourcesBuildPhase section */

/* Begin PBXSourcesBuildPhase section */
		27E899C41CB3E89800243B36 /* Sources */ = {
			isa = PBXSourcesBuildPhase;
			buildActionMask = 2147483647;
			files = (
				27E899CE1CB3E89800243B36 /* ViewController.swift in Sources */,
				27E899CC1CB3E89800243B36 /* AppDelegate.swift in Sources */,
			);
			runOnlyForDeploymentPostprocessing = 0;
		};
		27E899D81CB3E89900243B36 /* Sources */ = {
			isa = PBXSourcesBuildPhase;
			buildActionMask = 2147483647;
			files = (
				27E899E11CB3E89900243B36 /* TestingFireBaseTests.swift in Sources */,
			);
			runOnlyForDeploymentPostprocessing = 0;
		};
		27E899E31CB3E89900243B36 /* Sources */ = {
			isa = PBXSourcesBuildPhase;
			buildActionMask = 2147483647;
			files = (
				27E899EC1CB3E89900243B36 /* TestingFireBaseUITests.swift in Sources */,
			);
			runOnlyForDeploymentPostprocessing = 0;
		};
/* End PBXSourcesBuildPhase section */

/* Begin PBXTargetDependency section */
		27E899DE1CB3E89900243B36 /* PBXTargetDependency */ = {
			isa = PBXTargetDependency;
			target = 27E899C71CB3E89800243B36 /* TestingFireBase */;
			targetProxy = 27E899DD1CB3E89900243B36 /* PBXContainerItemProxy */;
		};
		27E899E91CB3E89900243B36 /* PBXTargetDependency */ = {
			isa = PBXTargetDependency;
			target = 27E899C71CB3E89800243B36 /* TestingFireBase */;
			targetProxy = 27E899E81CB3E89900243B36 /* PBXContainerItemProxy */;
		};
/* End PBXTargetDependency section */

/* Begin PBXVariantGroup section */
		27E899CF1CB3E89900243B36 /* Main.storyboard */ = {
			isa = PBXVariantGroup;
			children = (
				27E899D01CB3E89900243B36 /* Base */,
			);
			name = Main.storyboard;
			sourceTree = "<group>";
		};
		27E899D41CB3E89900243B36 /* LaunchScreen.storyboard */ = {
			isa = PBXVariantGroup;
			children = (
				27E899D51CB3E89900243B36 /* Base */,
			);
			name = LaunchScreen.storyboard;
			sourceTree = "<group>";
		};
/* End PBXVariantGroup section */

/* Begin XCBuildConfiguration section */
		27E899EE1CB3E89900243B36 /* Debug */ = {
			isa = XCBuildConfiguration;
			buildSettings = {
				ALWAYS_SEARCH_USER_PATHS = NO;
				CLANG_ANALYZER_NONNULL = YES;
				CLANG_CXX_LANGUAGE_STANDARD = "gnu++0x";
				CLANG_CXX_LIBRARY = "libc++";
				CLANG_ENABLE_MODULES = YES;
				CLANG_ENABLE_OBJC_ARC = YES;
				CLANG_WARN_BOOL_CONVERSION = YES;
				CLANG_WARN_CONSTANT_CONVERSION = YES;
				CLANG_WARN_DIRECT_OBJC_ISA_USAGE = YES_ERROR;
				CLANG_WARN_EMPTY_BODY = YES;
				CLANG_WARN_ENUM_CONVERSION = YES;
				CLANG_WARN_INT_CONVERSION = YES;
				CLANG_WARN_OBJC_ROOT_CLASS = YES_ERROR;
				CLANG_WARN_UNREACHABLE_CODE = YES;
				CLANG_WARN__DUPLICATE_METHOD_MATCH = YES;
				"CODE_SIGN_IDENTITY[sdk=iphoneos*]" = "iPhone Developer";
				COPY_PHASE_STRIP = NO;
				DEBUG_INFORMATION_FORMAT = dwarf;
				ENABLE_STRICT_OBJC_MSGSEND = YES;
				ENABLE_TESTABILITY = YES;
				GCC_C_LANGUAGE_STANDARD = gnu99;
				GCC_DYNAMIC_NO_PIC = NO;
				GCC_NO_COMMON_BLOCKS = YES;
				GCC_OPTIMIZATION_LEVEL = 0;
				GCC_PREPROCESSOR_DEFINITIONS = (
					"DEBUG=1",
					"$(inherited)",
				);
				GCC_WARN_64_TO_32_BIT_CONVERSION = YES;
				GCC_WARN_ABOUT_RETURN_TYPE = YES_ERROR;
				GCC_WARN_UNDECLARED_SELECTOR = YES;
				GCC_WARN_UNINITIALIZED_AUTOS = YES_AGGRESSIVE;
				GCC_WARN_UNUSED_FUNCTION = YES;
				GCC_WARN_UNUSED_VARIABLE = YES;
				IPHONEOS_DEPLOYMENT_TARGET = 9.3;
				MTL_ENABLE_DEBUG_INFO = YES;
				ONLY_ACTIVE_ARCH = YES;
				SDKROOT = iphoneos;
				SWIFT_OPTIMIZATION_LEVEL = "-Onone";
				TARGETED_DEVICE_FAMILY = "1,2";
			};
			name = Debug;
		};
		27E899EF1CB3E89900243B36 /* Release */ = {
			isa = XCBuildConfiguration;
			buildSettings = {
				ALWAYS_SEARCH_USER_PATHS = NO;
				CLANG_ANALYZER_NONNULL = YES;
				CLANG_CXX_LANGUAGE_STANDARD = "gnu++0x";
				CLANG_CXX_LIBRARY = "libc++";
				CLANG_ENABLE_MODULES = YES;
				CLANG_ENABLE_OBJC_ARC = YES;
				CLANG_WARN_BOOL_CONVERSION = YES;
				CLANG_WARN_CONSTANT_CONVERSION = YES;
				CLANG_WARN_DIRECT_OBJC_ISA_USAGE = YES_ERROR;
				CLANG_WARN_EMPTY_BODY = YES;
				CLANG_WARN_ENUM_CONVERSION = YES;
				CLANG_WARN_INT_CONVERSION = YES;
				CLANG_WARN_OBJC_ROOT_CLASS = YES_ERROR;
				CLANG_WARN_UNREACHABLE_CODE = YES;
				CLANG_WARN__DUPLICATE_METHOD_MATCH = YES;
				"CODE_SIGN_IDENTITY[sdk=iphoneos*]" = "iPhone Developer";
				COPY_PHASE_STRIP = NO;
				DEBUG_INFORMATION_FORMAT = "dwarf-with-dsym";
				ENABLE_NS_ASSERTIONS = NO;
				ENABLE_STRICT_OBJC_MSGSEND = YES;
				GCC_C_LANGUAGE_STANDARD = gnu99;
				GCC_NO_COMMON_BLOCKS = YES;
				GCC_WARN_64_TO_32_BIT_CONVERSION = YES;
				GCC_WARN_ABOUT_RETURN_TYPE = YES_ERROR;
				GCC_WARN_UNDECLARED_SELECTOR = YES;
				GCC_WARN_UNINITIALIZED_AUTOS = YES_AGGRESSIVE;
				GCC_WARN_UNUSED_FUNCTION = YES;
				GCC_WARN_UNUSED_VARIABLE = YES;
				IPHONEOS_DEPLOYMENT_TARGET = 9.3;
				MTL_ENABLE_DEBUG_INFO = NO;
				SDKROOT = iphoneos;
				TARGETED_DEVICE_FAMILY = "1,2";
				VALIDATE_PRODUCT = YES;
			};
			name = Release;
		};
		27E899F11CB3E89900243B36 /* Debug */ = {
			isa = XCBuildConfiguration;
			buildSettings = {
				ASSETCATALOG_COMPILER_APPICON_NAME = AppIcon;
				INFOPLIST_FILE = TestingFireBase/Info.plist;
				LD_RUNPATH_SEARCH_PATHS = "$(inherited) @executable_path/Frameworks";
				PRODUCT_BUNDLE_IDENTIFIER = Mithona.TestingFireBase;
				PRODUCT_NAME = "$(TARGET_NAME)";
			};
			name = Debug;
		};
		27E899F21CB3E89900243B36 /* Release */ = {
			isa = XCBuildConfiguration;
			buildSettings = {
				ASSETCATALOG_COMPILER_APPICON_NAME = AppIcon;
				INFOPLIST_FILE = TestingFireBase/Info.plist;
				LD_RUNPATH_SEARCH_PATHS = "$(inherited) @executable_path/Frameworks";
				PRODUCT_BUNDLE_IDENTIFIER = Mithona.TestingFireBase;
				PRODUCT_NAME = "$(TARGET_NAME)";
			};
			name = Release;
		};
		27E899F41CB3E89900243B36 /* Debug */ = {
			isa = XCBuildConfiguration;
			buildSettings = {
				BUNDLE_LOADER = "$(TEST_HOST)";
				INFOPLIST_FILE = TestingFireBaseTests/Info.plist;
				LD_RUNPATH_SEARCH_PATHS = "$(inherited) @executable_path/Frameworks @loader_path/Frameworks";
				PRODUCT_BUNDLE_IDENTIFIER = Mithona.TestingFireBaseTests;
				PRODUCT_NAME = "$(TARGET_NAME)";
				TEST_HOST = "$(BUILT_PRODUCTS_DIR)/TestingFireBase.app/TestingFireBase";
			};
			name = Debug;
		};
		27E899F51CB3E89900243B36 /* Release */ = {
			isa = XCBuildConfiguration;
			buildSettings = {
				BUNDLE_LOADER = "$(TEST_HOST)";
				INFOPLIST_FILE = TestingFireBaseTests/Info.plist;
				LD_RUNPATH_SEARCH_PATHS = "$(inherited) @executable_path/Frameworks @loader_path/Frameworks";
				PRODUCT_BUNDLE_IDENTIFIER = Mithona.TestingFireBaseTests;
				PRODUCT_NAME = "$(TARGET_NAME)";
				TEST_HOST = "$(BUILT_PRODUCTS_DIR)/TestingFireBase.app/TestingFireBase";
			};
			name = Release;
		};
		27E899F71CB3E89900243B36 /* Debug */ = {
			isa = XCBuildConfiguration;
			buildSettings = {
				INFOPLIST_FILE = TestingFireBaseUITests/Info.plist;
				LD_RUNPATH_SEARCH_PATHS = "$(inherited) @executable_path/Frameworks @loader_path/Frameworks";
				PRODUCT_BUNDLE_IDENTIFIER = Mithona.TestingFireBaseUITests;
				PRODUCT_NAME = "$(TARGET_NAME)";
				TEST_TARGET_NAME = TestingFireBase;
			};
			name = Debug;
		};
		27E899F81CB3E89900243B36 /* Release */ = {
			isa = XCBuildConfiguration;
			buildSettings = {
				INFOPLIST_FILE = TestingFireBaseUITests/Info.plist;
				LD_RUNPATH_SEARCH_PATHS = "$(inherited) @executable_path/Frameworks @loader_path/Frameworks";
				PRODUCT_BUNDLE_IDENTIFIER = Mithona.TestingFireBaseUITests;
				PRODUCT_NAME = "$(TARGET_NAME)";
				TEST_TARGET_NAME = TestingFireBase;
			};
			name = Release;
		};
/* End XCBuildConfiguration section */

/* Begin XCConfigurationList section */
		27E899C31CB3E89800243B36 /* Build configuration list for PBXProject "TestingFireBase" */ = {
			isa = XCConfigurationList;
			buildConfigurations = (
				27E899EE1CB3E89900243B36 /* Debug */,
				27E899EF1CB3E89900243B36 /* Release */,
			);
			defaultConfigurationIsVisible = 0;
			defaultConfigurationName = Release;
		};
		27E899F01CB3E89900243B36 /* Build configuration list for PBXNativeTarget "TestingFireBase" */ = {
			isa = XCConfigurationList;
			buildConfigurations = (
				27E899F11CB3E89900243B36 /* Debug */,
				27E899F21CB3E89900243B36 /* Release */,
			);
			defaultConfigurationIsVisible = 0;
		};
		27E899F31CB3E89900243B36 /* Build configuration list for PBXNativeTarget "TestingFireBaseTests" */ = {
			isa = XCConfigurationList;
			buildConfigurations = (
				27E899F41CB3E89900243B36 /* Debug */,
				27E899F51CB3E89900243B36 /* Release */,
			);
			defaultConfigurationIsVisible = 0;
		};
		27E899F61CB3E89900243B36 /* Build configuration list for PBXNativeTarget "TestingFireBaseUITests" */ = {
			isa = XCConfigurationList;
			buildConfigurations = (
				27E899F71CB3E89900243B36 /* Debug */,
				27E899F81CB3E89900243B36 /* Release */,
			);
			defaultConfigurationIsVisible = 0;
		};
/* End XCConfigurationList section */
	};
	rootObject = 27E899C01CB3E89800243B36 /* Project object */;
}
